
Microsoft Visual Studio Solution File, Format Version 12.00
# Visual Studio Version 16
VisualStudioVersion = 16.0.28803.202
MinimumVisualStudioVersion = 10.0.40219.1
Project("{FAE04EC0-301F-11D3-BF4B-00C04F79EFBC}") = "CustomListClass", "CustomListClass\CustomListClass.csproj", "{273156D7-EE5E-4E40-AF46-97E948A18400}"
EndProject
Project("{FAE04EC0-301F-11D3-BF4B-00C04F79EFBC}") = "UnitTestJuan", "UnitTestJuan\UnitTestJuan.csproj", "{EAFFA8C7-E0DD-4EFE-A0EB-7470A44195BC}"
EndProject
Global
	GlobalSection(SolutionConfigurationPlatforms) = preSolution
		Debug|Any CPU = Debug|Any CPU
		Release|Any CPU = Release|Any CPU
	EndGlobalSection
	GlobalSection(ProjectConfigurationPlatforms) = postSolution
		{273156D7-EE5E-4E40-AF46-97E948A18400}.Debug|Any CPU.ActiveCfg = Debug|Any CPU
		{273156D7-EE5E-4E40-AF46-97E948A18400}.Debug|Any CPU.Build.0 = Debug|Any CPU
		{273156D7-EE5E-4E40-AF46-97E948A18400}.Release|Any CPU.ActiveCfg = Release|Any CPU
		{273156D7-EE5E-4E40-AF46-97E948A18400}.Release|Any CPU.Build.0 = Release|Any CPU
		{EAFFA8C7-E0DD-4EFE-A0EB-7470A44195BC}.Debug|Any CPU.ActiveCfg = Debug|Any CPU
		{EAFFA8C7-E0DD-4EFE-A0EB-7470A44195BC}.Debug|Any CPU.Build.0 = Debug|Any CPU
		{EAFFA8C7-E0DD-4EFE-A0EB-7470A44195BC}.Release|Any CPU.ActiveCfg = Release|Any CPU
		{EAFFA8C7-E0DD-4EFE-A0EB-7470A44195BC}.Release|Any CPU.Build.0 = Release|Any CPU
	EndGlobalSection
	GlobalSection(SolutionProperties) = preSolution
		HideSolutionNode = FALSE
	EndGlobalSection
	GlobalSection(ExtensibilityGlobals) = postSolution
		SolutionGuid = {7ECBDEF7-FFA6-41D6-BE0C-7CA44BC01D4E}
	EndGlobalSection
EndGlobal
